{
  "name": "ether",
  "version": "1.0.0",
  "lockfileVersion": 1,
  "requires": true,
  "dependencies": {
    "ep_headings2": {
      "version": "0.1.3",
      "resolved": "https://registry.npmjs.org/ep_headings2/-/ep_headings2-0.1.3.tgz",
      "integrity": "sha512-WRk7zWalTyDLkD2lOt4J03xcI9tGiq5CiZmRxp7bUURoEFuc90aQpTSPadhIsbkHmgsF7rkAHj6SoRDiXiMtJg=="
    }
  }
}
