{
  "name": "ether",
  "version": "1.0.0",
  "lockfileVersion": 1,
  "requires": true,
  "dependencies": {
    "ep_align": {
      "version": "0.2.0",
      "resolved": "https://registry.npmjs.org/ep_align/-/ep_align-0.2.0.tgz",
      "integrity": "sha512-bMrwsieCfz3LkxuIXiNu7UKkUQ7b+ceI09XRd1cCMskDwuJow3N3hB4/gecqfF+v4lS0qmDEa7bJvSTrhHiXBQ=="
    },
    "ep_cursortrace": {
      "version": "2.0.15",
      "resolved": "https://registry.npmjs.org/ep_cursortrace/-/ep_cursortrace-2.0.15.tgz",
      "integrity": "sha1-+jdPLUvicIr5mPu0B2M8VdkDEyY="
    },
    "ep_headings2": {
      "version": "0.1.3",
      "resolved": "https://registry.npmjs.org/ep_headings2/-/ep_headings2-0.1.3.tgz",
      "integrity": "sha512-WRk7zWalTyDLkD2lOt4J03xcI9tGiq5CiZmRxp7bUURoEFuc90aQpTSPadhIsbkHmgsF7rkAHj6SoRDiXiMtJg=="
    },
    "ep_hide_line_numbers": {
      "version": "0.0.1",
      "resolved": "https://registry.npmjs.org/ep_hide_line_numbers/-/ep_hide_line_numbers-0.0.1.tgz",
      "integrity": "sha1-nz+sVD+KIxH/iKY066lHxvNMG2Y="
    },
    "ep_horizontal_line": {
      "version": "0.0.4",
      "resolved": "https://registry.npmjs.org/ep_horizontal_line/-/ep_horizontal_line-0.0.4.tgz",
      "integrity": "sha1-T4y8nyiGFN5W80R6YaH17F2qBV8="
    },
    "ep_pad_title": {
      "version": "0.0.1",
      "resolved": "https://registry.npmjs.org/ep_pad_title/-/ep_pad_title-0.0.1.tgz",
      "integrity": "sha512-/nObvfgJhZ5+hZZiptypwUamVW6jJrANCVfHsogREBqj1j6rYndpzw61/TqGB7ii34Brec1YtIsZ05NxrwtD4g=="
    },
    "ep_page_view": {
      "version": "0.5.24",
      "resolved": "https://registry.npmjs.org/ep_page_view/-/ep_page_view-0.5.24.tgz",
      "integrity": "sha1-JkN8IxaWePW9U1RbYhtJK1tvLOQ="
    },
    "ep_prompt_for_name": {
      "version": "1.0.0",
      "resolved": "https://registry.npmjs.org/ep_prompt_for_name/-/ep_prompt_for_name-1.0.0.tgz",
      "integrity": "sha512-+6E4/6NG5IANqI1RHj6xmjTIrtFLhsrCla54RYGW8PowUa3DYtsHf2Mz9QGfk3HwmXWjrdXuQaTnHv7IvHrO1A=="
    },
    "ep_remove_embed": {
      "version": "0.0.2",
      "resolved": "https://registry.npmjs.org/ep_remove_embed/-/ep_remove_embed-0.0.2.tgz",
      "integrity": "sha1-cFglOgU5oXySejFrEhd/7r8d/eQ="
    },
    "ep_resizable_bars": {
      "version": "0.0.6",
      "resolved": "https://registry.npmjs.org/ep_resizable_bars/-/ep_resizable_bars-0.0.6.tgz",
      "integrity": "sha1-d3oK2uR1B3IP7vTNQpKQne8Muq0="
    },
    "ep_set_title_on_pad": {
      "version": "0.2.0",
      "resolved": "https://registry.npmjs.org/ep_set_title_on_pad/-/ep_set_title_on_pad-0.2.0.tgz",
      "integrity": "sha512-qt7Z+xJscGUB6A5R/vHsYbdOhmN3XG56LLtIxOzg/x3/ppHpBCmAf/y4cMNYyrm+6+lgwjt77aa6CchVRyUF7Q=="
    },
    "ep_sticky_attributes": {
      "version": "0.1.0",
      "resolved": "https://registry.npmjs.org/ep_sticky_attributes/-/ep_sticky_attributes-0.1.0.tgz",
      "integrity": "sha1-UtoL0r7OXWFAUDgNbnvGm1x7uYs="
    },
    "ep_subscript_and_superscript": {
      "version": "0.1.2",
      "resolved": "https://registry.npmjs.org/ep_subscript_and_superscript/-/ep_subscript_and_superscript-0.1.2.tgz",
      "integrity": "sha512-HaqnO0o0ccOFydeIgpnvxzLzWQsYWXMAJ9qv3SVV62S6pxt3F32JlySgbe79qQdOfwqdpN/tq+rU+m0TRn65JQ=="
    },
    "ep_table_of_contents": {
      "version": "0.2.0",
      "resolved": "https://registry.npmjs.org/ep_table_of_contents/-/ep_table_of_contents-0.2.0.tgz",
      "integrity": "sha512-QkT4RH5DmqeziJ7N8L1ApAZ9lWfc+QIDJNl47/vDcJ/frgEQgXnuSaofrClJG43OO7PXA9t+0KxhMQUmUDPKzg=="
    }
  }
}
